/shared/liuhj/HP/process/CCS_map2PersonRespectSamp/ngmlr/P5-E-d/P5-E-d_2_P5-E-d.bam
/shared/liuhj/HP/process/CCS_map2PersonRespectSamp/ngmlr/P5-E-d/P5-E-d_2_P5-E-d.sort.bam
/shared/liuhj/HP/process/CCS_map2PersonRespectSamp/mpileup/P5-E-d_2_P5-E-d.sort.mpileup
/shared/liuhj/HP/process/CCS_map2PersonRespectSamp/ngmlr/P5-E-d/P5-E-d_2_P5-E-d.sort.bam.bai
